
Microsoft Visual Studio Solution File, Format Version 12.00
# Visual Studio Version 16
VisualStudioVersion = 16.0.28902.138
MinimumVisualStudioVersion = 10.0.40219.1
Project("{FAE04EC0-301F-11D3-BF4B-00C04F79EFBC}") = "BordGameScripting", "BordGameScripting\BordGameScripting.csproj", "{68478D69-6173-4B74-9848-8FF269BDEF5C}"
EndProject
Project("{FAE04EC0-301F-11D3-BF4B-00C04F79EFBC}") = "BordGameScriptingCUI", "BordGameScriptingCUI\BordGameScriptingCUI.csproj", "{AA741F96-8E24-4422-806F-AE0B4CB4DF7C}"
EndProject
Project("{FAE04EC0-301F-11D3-BF4B-00C04F79EFBC}") = "Gomoku", "Gomoku\Gomoku.csproj", "{E52CF746-8C27-4BA5-B677-1C9178020FF3}"
EndProject
Project("{FAE04EC0-301F-11D3-BF4B-00C04F79EFBC}") = "MrRamdomForGomoku", "MrRamdomForGomoku\MrRamdomForGomoku.csproj", "{522A76C0-FD24-4513-A392-E8416271F948}"
EndProject
Project("{FAE04EC0-301F-11D3-BF4B-00C04F79EFBC}") = "GameLib", "BordGameCore\GameLib.csproj", "{90073E79-D901-44BE-9C5C-6F1D6DC6FE61}"
EndProject
Project("{FAE04EC0-301F-11D3-BF4B-00C04F79EFBC}") = "Tetris", "Tetris\Tetris.csproj", "{624682DD-86C3-4840-B926-C326DCC855FB}"
EndProject
Project("{FAE04EC0-301F-11D3-BF4B-00C04F79EFBC}") = "ElevatorSaga", "ElevatorSaga\ElevatorSaga.csproj", "{C31C12CD-D658-4C89-894E-66ACEE71C57A}"
EndProject
Project("{FAE04EC0-301F-11D3-BF4B-00C04F79EFBC}") = "MrRandomForTetris", "MrRandomForTetrin\MrRandomForTetris.csproj", "{3610CA8D-EE3B-4144-A970-9EFB3BCA0601}"
EndProject
Project("{FAE04EC0-301F-11D3-BF4B-00C04F79EFBC}") = "TCPReceiverForTetris", "TCPReceiverForTetris\TCPReceiverForTetris.csproj", "{AE404CB7-F5F7-434D-8512-530E90212EF4}"
EndProject
Project("{2150E333-8FDC-42A3-9474-1A3956D46DE8}") = "Solution Items", "Solution Items", "{8DEC0271-5BCA-46CE-A0A0-E52E958E4BB0}"
	ProjectSection(SolutionItems) = preProject
		Memo.txt = Memo.txt
	EndProjectSection
EndProject
Global
	GlobalSection(SolutionConfigurationPlatforms) = preSolution
		Debug|Any CPU = Debug|Any CPU
		Release|Any CPU = Release|Any CPU
	EndGlobalSection
	GlobalSection(ProjectConfigurationPlatforms) = postSolution
		{68478D69-6173-4B74-9848-8FF269BDEF5C}.Debug|Any CPU.ActiveCfg = Debug|Any CPU
		{68478D69-6173-4B74-9848-8FF269BDEF5C}.Debug|Any CPU.Build.0 = Debug|Any CPU
		{68478D69-6173-4B74-9848-8FF269BDEF5C}.Release|Any CPU.ActiveCfg = Release|Any CPU
		{68478D69-6173-4B74-9848-8FF269BDEF5C}.Release|Any CPU.Build.0 = Release|Any CPU
		{AA741F96-8E24-4422-806F-AE0B4CB4DF7C}.Debug|Any CPU.ActiveCfg = Debug|Any CPU
		{AA741F96-8E24-4422-806F-AE0B4CB4DF7C}.Debug|Any CPU.Build.0 = Debug|Any CPU
		{AA741F96-8E24-4422-806F-AE0B4CB4DF7C}.Release|Any CPU.ActiveCfg = Release|Any CPU
		{AA741F96-8E24-4422-806F-AE0B4CB4DF7C}.Release|Any CPU.Build.0 = Release|Any CPU
		{E52CF746-8C27-4BA5-B677-1C9178020FF3}.Debug|Any CPU.ActiveCfg = Debug|Any CPU
		{E52CF746-8C27-4BA5-B677-1C9178020FF3}.Debug|Any CPU.Build.0 = Debug|Any CPU
		{E52CF746-8C27-4BA5-B677-1C9178020FF3}.Release|Any CPU.ActiveCfg = Release|Any CPU
		{E52CF746-8C27-4BA5-B677-1C9178020FF3}.Release|Any CPU.Build.0 = Release|Any CPU
		{522A76C0-FD24-4513-A392-E8416271F948}.Debug|Any CPU.ActiveCfg = Debug|Any CPU
		{522A76C0-FD24-4513-A392-E8416271F948}.Debug|Any CPU.Build.0 = Debug|Any CPU
		{522A76C0-FD24-4513-A392-E8416271F948}.Release|Any CPU.ActiveCfg = Release|Any CPU
		{522A76C0-FD24-4513-A392-E8416271F948}.Release|Any CPU.Build.0 = Release|Any CPU
		{90073E79-D901-44BE-9C5C-6F1D6DC6FE61}.Debug|Any CPU.ActiveCfg = Debug|Any CPU
		{90073E79-D901-44BE-9C5C-6F1D6DC6FE61}.Debug|Any CPU.Build.0 = Debug|Any CPU
		{90073E79-D901-44BE-9C5C-6F1D6DC6FE61}.Release|Any CPU.ActiveCfg = Release|Any CPU
		{90073E79-D901-44BE-9C5C-6F1D6DC6FE61}.Release|Any CPU.Build.0 = Release|Any CPU
		{624682DD-86C3-4840-B926-C326DCC855FB}.Debug|Any CPU.ActiveCfg = Debug|Any CPU
		{624682DD-86C3-4840-B926-C326DCC855FB}.Debug|Any CPU.Build.0 = Debug|Any CPU
		{624682DD-86C3-4840-B926-C326DCC855FB}.Release|Any CPU.ActiveCfg = Release|Any CPU
		{624682DD-86C3-4840-B926-C326DCC855FB}.Release|Any CPU.Build.0 = Release|Any CPU
		{C31C12CD-D658-4C89-894E-66ACEE71C57A}.Debug|Any CPU.ActiveCfg = Debug|Any CPU
		{C31C12CD-D658-4C89-894E-66ACEE71C57A}.Debug|Any CPU.Build.0 = Debug|Any CPU
		{C31C12CD-D658-4C89-894E-66ACEE71C57A}.Release|Any CPU.ActiveCfg = Release|Any CPU
		{C31C12CD-D658-4C89-894E-66ACEE71C57A}.Release|Any CPU.Build.0 = Release|Any CPU
		{3610CA8D-EE3B-4144-A970-9EFB3BCA0601}.Debug|Any CPU.ActiveCfg = Debug|Any CPU
		{3610CA8D-EE3B-4144-A970-9EFB3BCA0601}.Debug|Any CPU.Build.0 = Debug|Any CPU
		{3610CA8D-EE3B-4144-A970-9EFB3BCA0601}.Release|Any CPU.ActiveCfg = Release|Any CPU
		{3610CA8D-EE3B-4144-A970-9EFB3BCA0601}.Release|Any CPU.Build.0 = Release|Any CPU
		{AE404CB7-F5F7-434D-8512-530E90212EF4}.Debug|Any CPU.ActiveCfg = Debug|Any CPU
		{AE404CB7-F5F7-434D-8512-530E90212EF4}.Debug|Any CPU.Build.0 = Debug|Any CPU
		{AE404CB7-F5F7-434D-8512-530E90212EF4}.Release|Any CPU.ActiveCfg = Release|Any CPU
		{AE404CB7-F5F7-434D-8512-530E90212EF4}.Release|Any CPU.Build.0 = Release|Any CPU
	EndGlobalSection
	GlobalSection(SolutionProperties) = preSolution
		HideSolutionNode = FALSE
	EndGlobalSection
	GlobalSection(ExtensibilityGlobals) = postSolution
		SolutionGuid = {0F7CA7C3-0D6D-4DBB-9E8F-78F0F7F33744}
	EndGlobalSection
EndGlobal
